{
  "name": "nocturnal",
  "version": "0.1.0",
  "lockfileVersion": 3,
  "requires": true,
  "packages": {
    "": {
      "name": "nocturnal",
      "version": "0.1.0",
      "license": "MIT",
      "dependencies": {
        "nocturnal-components": "github:dmac780/nocturnal-components"
      },
      "bin": {
        "noc": "cli.js"
      },
      "engines": {
        "node": ">=18.0.0"
      }
    },
    "node_modules/nocturnal-components": {
      "version": "0.0.25",
      "resolved": "git+ssh://git@github.com/dmac780/nocturnal-components.git#686e4931ea21eb5f51de772f661bc05fb1788553",
      "license": "MIT"
    }
  }
}
